
Microsoft Visual Studio Solution File, Format Version 12.00
# Visual Studio Version 17
VisualStudioVersion = 17.7.34202.233
MinimumVisualStudioVersion = 10.0.40219.1
Project("{FAE04EC0-301F-11D3-BF4B-00C04F79EFBC}") = "WorldData.entities", "WorldData.entities\WorldData.entities.csproj", "{D594F144-611E-4307-9CCD-94C1808BC773}"
EndProject
Project("{FAE04EC0-301F-11D3-BF4B-00C04F79EFBC}") = "WorldData.Repositories", "WorldData.Repositories\WorldData.Repositories.csproj", "{D51977B9-CD0E-4A1D-A327-81C20450D333}"
EndProject
Project("{FAE04EC0-301F-11D3-BF4B-00C04F79EFBC}") = "WorldData.UI", "WorldData.UI\WorldData.UI.csproj", "{B02AF645-D053-4D1A-AD1F-C1C9E1C7E0A9}"
EndProject
Global
	GlobalSection(SolutionConfigurationPlatforms) = preSolution
		Debug|Any CPU = Debug|Any CPU
		Release|Any CPU = Release|Any CPU
	EndGlobalSection
	GlobalSection(ProjectConfigurationPlatforms) = postSolution
		{D594F144-611E-4307-9CCD-94C1808BC773}.Debug|Any CPU.ActiveCfg = Debug|Any CPU
		{D594F144-611E-4307-9CCD-94C1808BC773}.Debug|Any CPU.Build.0 = Debug|Any CPU
		{D594F144-611E-4307-9CCD-94C1808BC773}.Release|Any CPU.ActiveCfg = Release|Any CPU
		{D594F144-611E-4307-9CCD-94C1808BC773}.Release|Any CPU.Build.0 = Release|Any CPU
		{D51977B9-CD0E-4A1D-A327-81C20450D333}.Debug|Any CPU.ActiveCfg = Debug|Any CPU
		{D51977B9-CD0E-4A1D-A327-81C20450D333}.Debug|Any CPU.Build.0 = Debug|Any CPU
		{D51977B9-CD0E-4A1D-A327-81C20450D333}.Release|Any CPU.ActiveCfg = Release|Any CPU
		{D51977B9-CD0E-4A1D-A327-81C20450D333}.Release|Any CPU.Build.0 = Release|Any CPU
		{B02AF645-D053-4D1A-AD1F-C1C9E1C7E0A9}.Debug|Any CPU.ActiveCfg = Debug|Any CPU
		{B02AF645-D053-4D1A-AD1F-C1C9E1C7E0A9}.Debug|Any CPU.Build.0 = Debug|Any CPU
		{B02AF645-D053-4D1A-AD1F-C1C9E1C7E0A9}.Release|Any CPU.ActiveCfg = Release|Any CPU
		{B02AF645-D053-4D1A-AD1F-C1C9E1C7E0A9}.Release|Any CPU.Build.0 = Release|Any CPU
	EndGlobalSection
	GlobalSection(SolutionProperties) = preSolution
		HideSolutionNode = FALSE
	EndGlobalSection
	GlobalSection(ExtensibilityGlobals) = postSolution
		SolutionGuid = {CFEBA78B-1350-47E0-BD45-CE175100CE28}
	EndGlobalSection
EndGlobal
