
Microsoft Visual Studio Solution File, Format Version 12.00
# Visual Studio Version 17
VisualStudioVersion = 17.7.34202.233
MinimumVisualStudioVersion = 10.0.40219.1
Project("{FAE04EC0-301F-11D3-BF4B-00C04F79EFBC}") = "BasicLearning", "BasicLearning\BasicLearning.csproj", "{EA8677A6-C048-4BFC-936F-A82D6214BF17}"
EndProject
Global
	GlobalSection(SolutionConfigurationPlatforms) = preSolution
		Debug|Any CPU = Debug|Any CPU
		Release|Any CPU = Release|Any CPU
	EndGlobalSection
	GlobalSection(ProjectConfigurationPlatforms) = postSolution
		{EA8677A6-C048-4BFC-936F-A82D6214BF17}.Debug|Any CPU.ActiveCfg = Debug|Any CPU
		{EA8677A6-C048-4BFC-936F-A82D6214BF17}.Debug|Any CPU.Build.0 = Debug|Any CPU
		{EA8677A6-C048-4BFC-936F-A82D6214BF17}.Release|Any CPU.ActiveCfg = Release|Any CPU
		{EA8677A6-C048-4BFC-936F-A82D6214BF17}.Release|Any CPU.Build.0 = Release|Any CPU
	EndGlobalSection
	GlobalSection(SolutionProperties) = preSolution
		HideSolutionNode = FALSE
	EndGlobalSection
	GlobalSection(ExtensibilityGlobals) = postSolution
		SolutionGuid = {A65DB3D8-3FDF-4494-AEFD-1653B88B9E47}
	EndGlobalSection
EndGlobal
